// !$*UTF8*$!
{
	archiveVersion = 1;
	classes = {
	};
	objectVersion = 56;
	objects = {

/* Begin PBXBuildFile section */
		89356ACC2B36FED700D8B558 /* AppDelegate.swift in Sources */ = {isa = PBXBuildFile; fileRef = 89356ACB2B36FED700D8B558 /* AppDelegate.swift */; };
		89356ACE2B36FED700D8B558 /* SceneDelegate.swift in Sources */ = {isa = PBXBuildFile; fileRef = 89356ACD2B36FED700D8B558 /* SceneDelegate.swift */; };
		89356AD02B36FED700D8B558 /* ViewController.swift in Sources */ = {isa = PBXBuildFile; fileRef = 89356ACF2B36FED700D8B558 /* ViewController.swift */; };
		89356AD32B36FED700D8B558 /* Main.storyboard in Resources */ = {isa = PBXBuildFile; fileRef = 89356AD12B36FED700D8B558 /* Main.storyboard */; };
		89356AD62B36FED700D8B558 /* NiceThingApp.xcdatamodeld in Sources */ = {isa = PBXBuildFile; fileRef = 89356AD42B36FED700D8B558 /* NiceThingApp.xcdatamodeld */; };
		89356AD82B36FED800D8B558 /* Assets.xcassets in Resources */ = {isa = PBXBuildFile; fileRef = 89356AD72B36FED800D8B558 /* Assets.xcassets */; };
		89356ADB2B36FED800D8B558 /* LaunchScreen.storyboard in Resources */ = {isa = PBXBuildFile; fileRef = 89356AD92B36FED800D8B558 /* LaunchScreen.storyboard */; };
		89356AE32B3700F400D8B558 /* DetailVC.swift in Sources */ = {isa = PBXBuildFile; fileRef = 89356AE22B3700F400D8B558 /* DetailVC.swift */; };
/* End PBXBuildFile section */

/* Begin PBXFileReference section */
		89356AC82B36FED700D8B558 /* NiceThingApp.app */ = {isa = PBXFileReference; explicitFileType = wrapper.application; includeInIndex = 0; path = NiceThingApp.app; sourceTree = BUILT_PRODUCTS_DIR; };
		89356ACB2B36FED700D8B558 /* AppDelegate.swift */ = {isa = PBXFileReference; lastKnownFileType = sourcecode.swift; path = AppDelegate.swift; sourceTree = "<group>"; };
		89356ACD2B36FED700D8B558 /* SceneDelegate.swift */ = {isa = PBXFileReference; lastKnownFileType = sourcecode.swift; path = SceneDelegate.swift; sourceTree = "<group>"; };
		89356ACF2B36FED700D8B558 /* ViewController.swift */ = {isa = PBXFileReference; lastKnownFileType = sourcecode.swift; path = ViewController.swift; sourceTree = "<group>"; };
		89356AD22B36FED700D8B558 /* Base */ = {isa = PBXFileReference; lastKnownFileType = file.storyboard; name = Base; path = Base.lproj/Main.storyboard; sourceTree = "<group>"; };
		89356AD52B36FED700D8B558 /* NiceThingApp.xcdatamodel */ = {isa = PBXFileReference; lastKnownFileType = wrapper.xcdatamodel; path = NiceThingApp.xcdatamodel; sourceTree = "<group>"; };
		89356AD72B36FED800D8B558 /* Assets.xcassets */ = {isa = PBXFileReference; lastKnownFileType = folder.assetcatalog; path = Assets.xcassets; sourceTree = "<group>"; };
		89356ADA2B36FED800D8B558 /* Base */ = {isa = PBXFileReference; lastKnownFileType = file.storyboard; name = Base; path = Base.lproj/LaunchScreen.storyboard; sourceTree = "<group>"; };
		89356ADC2B36FED800D8B558 /* Info.plist */ = {isa = PBXFileReference; lastKnownFileType = text.plist.xml; path = Info.plist; sourceTree = "<group>"; };
		89356AE22B3700F400D8B558 /* DetailVC.swift */ = {isa = PBXFileReference; lastKnownFileType = sourcecode.swift; path = DetailVC.swift; sourceTree = "<group>"; };
/* End PBXFileReference section */

/* Begin PBXFrameworksBuildPhase section */
		89356AC52B36FED700D8B558 /* Frameworks */ = {
			isa = PBXFrameworksBuildPhase;
			buildActionMask = 2147483647;
			files = (
			);
			runOnlyForDeploymentPostprocessing = 0;
		};
/* End PBXFrameworksBuildPhase section */

/* Begin PBXGroup section */
		89356ABF2B36FED700D8B558 = {
			isa = PBXGroup;
			children = (
				89356ACA2B36FED700D8B558 /* NiceThingApp */,
				89356AC92B36FED700D8B558 /* Products */,
			);
			sourceTree = "<group>";
		};
		89356AC92B36FED700D8B558 /* Products */ = {
			isa = PBXGroup;
			children = (
				89356AC82B36FED700D8B558 /* NiceThingApp.app */,
			);
			name = Products;
			sourceTree = "<group>";
		};
		89356ACA2B36FED700D8B558 /* NiceThingApp */ = {
			isa = PBXGroup;
			children = (
				89356ACB2B36FED700D8B558 /* AppDelegate.swift */,
				89356ACD2B36FED700D8B558 /* SceneDelegate.swift */,
				89356ACF2B36FED700D8B558 /* ViewController.swift */,
				89356AD12B36FED700D8B558 /* Main.storyboard */,
				89356AE22B3700F400D8B558 /* DetailVC.swift */,
				89356AD72B36FED800D8B558 /* Assets.xcassets */,
				89356AD92B36FED800D8B558 /* LaunchScreen.storyboard */,
				89356ADC2B36FED800D8B558 /* Info.plist */,
				89356AD42B36FED700D8B558 /* NiceThingApp.xcdatamodeld */,
			);
			path = NiceThingApp;
			sourceTree = "<group>";
		};
/* End PBXGroup section */

/* Begin PBXNativeTarget section */
		89356AC72B36FED700D8B558 /* NiceThingApp */ = {
			isa = PBXNativeTarget;
			buildConfigurationList = 89356ADF2B36FED800D8B558 /* Build configuration list for PBXNativeTarget "NiceThingApp" */;
			buildPhases = (
				89356AC42B36FED700D8B558 /* Sources */,
				89356AC52B36FED700D8B558 /* Frameworks */,
				89356AC62B36FED700D8B558 /* Resources */,
			);
			buildRules = (
			);
			dependencies = (
			);
			name = NiceThingApp;
			productName = NiceThingApp;
			productReference = 89356AC82B36FED700D8B558 /* NiceThingApp.app */;
			productType = "com.apple.product-type.application";
		};
/* End PBXNativeTarget section */

/* Begin PBXProject section */
		89356AC02B36FED700D8B558 /* Project object */ = {
			isa = PBXProject;
			attributes = {
				BuildIndependentTargetsInParallel = 1;
				LastSwiftUpdateCheck = 1510;
				LastUpgradeCheck = 1510;
				TargetAttributes = {
					89356AC72B36FED700D8B558 = {
						CreatedOnToolsVersion = 15.1;
					};
				};
			};
			buildConfigurationList = 89356AC32B36FED700D8B558 /* Build configuration list for PBXProject "NiceThingApp" */;
			compatibilityVersion = "Xcode 14.0";
			developmentRegion = en;
			hasScannedForEncodings = 0;
			knownRegions = (
				en,
				Base,
			);
			mainGroup = 89356ABF2B36FED700D8B558;
			productRefGroup = 89356AC92B36FED700D8B558 /* Products */;
			projectDirPath = "";
			projectRoot = "";
			targets = (
				89356AC72B36FED700D8B558 /* NiceThingApp */,
			);
		};
/* End PBXProject section */

/* Begin PBXResourcesBuildPhase section */
		89356AC62B36FED700D8B558 /* Resources */ = {
			isa = PBXResourcesBuildPhase;
			buildActionMask = 2147483647;
			files = (
				89356ADB2B36FED800D8B558 /* LaunchScreen.storyboard in Resources */,
				89356AD82B36FED800D8B558 /* Assets.xcassets in Resources */,
				89356AD32B36FED700D8B558 /* Main.storyboard in Resources */,
			);
			runOnlyForDeploymentPostprocessing = 0;
		};
/* End PBXResourcesBuildPhase section */

/* Begin PBXSourcesBuildPhase section */
		89356AC42B36FED700D8B558 /* Sources */ = {
			isa = PBXSourcesBuildPhase;
			buildActionMask = 2147483647;
			files = (
				89356AE32B3700F400D8B558 /* DetailVC.swift in Sources */,
				89356AD02B36FED700D8B558 /* ViewController.swift in Sources */,
				89356ACC2B36FED700D8B558 /* AppDelegate.swift in Sources */,
				89356ACE2B36FED700D8B558 /* SceneDelegate.swift in Sources */,
				89356AD62B36FED700D8B558 /* NiceThingApp.xcdatamodeld in Sources */,
			);
			runOnlyForDeploymentPostprocessing = 0;
		};
/* End PBXSourcesBuildPhase section */

/* Begin PBXVariantGroup section */
		89356AD12B36FED700D8B558 /* Main.storyboard */ = {
			isa = PBXVariantGroup;
			children = (
				89356AD22B36FED700D8B558 /* Base */,
			);
			name = Main.storyboard;
			sourceTree = "<group>";
		};
		89356AD92B36FED800D8B558 /* LaunchScreen.storyboard */ = {
			isa = PBXVariantGroup;
			children = (
				89356ADA2B36FED800D8B558 /* Base */,
			);
			name = LaunchScreen.storyboard;
			sourceTree = "<group>";
		};
/* End PBXVariantGroup section */

/* Begin XCBuildConfiguration section */
		89356ADD2B36FED800D8B558 /* Debug */ = {
			isa = XCBuildConfiguration;
			buildSettings = {
				ALWAYS_SEARCH_USER_PATHS = NO;
				ASSETCATALOG_COMPILER_GENERATE_SWIFT_ASSET_SYMBOL_EXTENSIONS = YES;
				CLANG_ANALYZER_NONNULL = YES;
				CLANG_ANALYZER_NUMBER_OBJECT_CONVERSION = YES_AGGRESSIVE;
				CLANG_CXX_LANGUAGE_STANDARD = "gnu++20";
				CLANG_ENABLE_MODULES = YES;
				CLANG_ENABLE_OBJC_ARC = YES;
				CLANG_ENABLE_OBJC_WEAK = YES;
				CLANG_WARN_BLOCK_CAPTURE_AUTORELEASING = YES;
				CLANG_WARN_BOOL_CONVERSION = YES;
				CLANG_WARN_COMMA = YES;
				CLANG_WARN_CONSTANT_CONVERSION = YES;
				CLANG_WARN_DEPRECATED_OBJC_IMPLEMENTATIONS = YES;
				CLANG_WARN_DIRECT_OBJC_ISA_USAGE = YES_ERROR;
				CLANG_WARN_DOCUMENTATION_COMMENTS = YES;
				CLANG_WARN_EMPTY_BODY = YES;
				CLANG_WARN_ENUM_CONVERSION = YES;
				CLANG_WARN_INFINITE_RECURSION = YES;
				CLANG_WARN_INT_CONVERSION = YES;
				CLANG_WARN_NON_LITERAL_NULL_CONVERSION = YES;
				CLANG_WARN_OBJC_IMPLICIT_RETAIN_SELF = YES;
				CLANG_WARN_OBJC_LITERAL_CONVERSION = YES;
				CLANG_WARN_OBJC_ROOT_CLASS = YES_ERROR;
				CLANG_WARN_QUOTED_INCLUDE_IN_FRAMEWORK_HEADER = YES;
				CLANG_WARN_RANGE_LOOP_ANALYSIS = YES;
				CLANG_WARN_STRICT_PROTOTYPES = YES;
				CLANG_WARN_SUSPICIOUS_MOVE = YES;
				CLANG_WARN_UNGUARDED_AVAILABILITY = YES_AGGRESSIVE;
				CLANG_WARN_UNREACHABLE_CODE = YES;
				CLANG_WARN__DUPLICATE_METHOD_MATCH = YES;
				COPY_PHASE_STRIP = NO;
				DEBUG_INFORMATION_FORMAT = dwarf;
				ENABLE_STRICT_OBJC_MSGSEND = YES;
				ENABLE_TESTABILITY = YES;
				ENABLE_USER_SCRIPT_SANDBOXING = YES;
				GCC_C_LANGUAGE_STANDARD = gnu17;
				GCC_DYNAMIC_NO_PIC = NO;
				GCC_NO_COMMON_BLOCKS = YES;
				GCC_OPTIMIZATION_LEVEL = 0;
				GCC_PREPROCESSOR_DEFINITIONS = (
					"DEBUG=1",
					"$(inherited)",
				);
				GCC_WARN_64_TO_32_BIT_CONVERSION = YES;
				GCC_WARN_ABOUT_RETURN_TYPE = YES_ERROR;
				GCC_WARN_UNDECLARED_SELECTOR = YES;
				GCC_WARN_UNINITIALIZED_AUTOS = YES_AGGRESSIVE;
				GCC_WARN_UNUSED_FUNCTION = YES;
				GCC_WARN_UNUSED_VARIABLE = YES;
				IPHONEOS_DEPLOYMENT_TARGET = 17.2;
				LOCALIZATION_PREFERS_STRING_CATALOGS = YES;
				MTL_ENABLE_DEBUG_INFO = INCLUDE_SOURCE;
				MTL_FAST_MATH = YES;
				ONLY_ACTIVE_ARCH = YES;
				SDKROOT = iphoneos;
				SWIFT_ACTIVE_COMPILATION_CONDITIONS = "DEBUG $(inherited)";
				SWIFT_OPTIMIZATION_LEVEL = "-Onone";
			};
			name = Debug;
		};
		89356ADE2B36FED800D8B558 /* Release */ = {
			isa = XCBuildConfiguration;
			buildSettings = {
				ALWAYS_SEARCH_USER_PATHS = NO;
				ASSETCATALOG_COMPILER_GENERATE_SWIFT_ASSET_SYMBOL_EXTENSIONS = YES;
				CLANG_ANALYZER_NONNULL = YES;
				CLANG_ANALYZER_NUMBER_OBJECT_CONVERSION = YES_AGGRESSIVE;
				CLANG_CXX_LANGUAGE_STANDARD = "gnu++20";
				CLANG_ENABLE_MODULES = YES;
				CLANG_ENABLE_OBJC_ARC = YES;
				CLANG_ENABLE_OBJC_WEAK = YES;
				CLANG_WARN_BLOCK_CAPTURE_AUTORELEASING = YES;
				CLANG_WARN_BOOL_CONVERSION = YES;
				CLANG_WARN_COMMA = YES;
				CLANG_WARN_CONSTANT_CONVERSION = YES;
				CLANG_WARN_DEPRECATED_OBJC_IMPLEMENTATIONS = YES;
				CLANG_WARN_DIRECT_OBJC_ISA_USAGE = YES_ERROR;
				CLANG_WARN_DOCUMENTATION_COMMENTS = YES;
				CLANG_WARN_EMPTY_BODY = YES;
				CLANG_WARN_ENUM_CONVERSION = YES;
				CLANG_WARN_INFINITE_RECURSION = YES;
				CLANG_WARN_INT_CONVERSION = YES;
				CLANG_WARN_NON_LITERAL_NULL_CONVERSION = YES;
				CLANG_WARN_OBJC_IMPLICIT_RETAIN_SELF = YES;
				CLANG_WARN_OBJC_LITERAL_CONVERSION = YES;
				CLANG_WARN_OBJC_ROOT_CLASS = YES_ERROR;
				CLANG_WARN_QUOTED_INCLUDE_IN_FRAMEWORK_HEADER = YES;
				CLANG_WARN_RANGE_LOOP_ANALYSIS = YES;
				CLANG_WARN_STRICT_PROTOTYPES = YES;
				CLANG_WARN_SUSPICIOUS_MOVE = YES;
				CLANG_WARN_UNGUARDED_AVAILABILITY = YES_AGGRESSIVE;
				CLANG_WARN_UNREACHABLE_CODE = YES;
				CLANG_WARN__DUPLICATE_METHOD_MATCH = YES;
				COPY_PHASE_STRIP = NO;
				DEBUG_INFORMATION_FORMAT = "dwarf-with-dsym";
				ENABLE_NS_ASSERTIONS = NO;
				ENABLE_STRICT_OBJC_MSGSEND = YES;
				ENABLE_USER_SCRIPT_SANDBOXING = YES;
				GCC_C_LANGUAGE_STANDARD = gnu17;
				GCC_NO_COMMON_BLOCKS = YES;
				GCC_WARN_64_TO_32_BIT_CONVERSION = YES;
				GCC_WARN_ABOUT_RETURN_TYPE = YES_ERROR;
				GCC_WARN_UNDECLARED_SELECTOR = YES;
				GCC_WARN_UNINITIALIZED_AUTOS = YES_AGGRESSIVE;
				GCC_WARN_UNUSED_FUNCTION = YES;
				GCC_WARN_UNUSED_VARIABLE = YES;
				IPHONEOS_DEPLOYMENT_TARGET = 17.2;
				LOCALIZATION_PREFERS_STRING_CATALOGS = YES;
				MTL_ENABLE_DEBUG_INFO = NO;
				MTL_FAST_MATH = YES;
				SDKROOT = iphoneos;
				SWIFT_COMPILATION_MODE = wholemodule;
				VALIDATE_PRODUCT = YES;
			};
			name = Release;
		};
		89356AE02B36FED800D8B558 /* Debug */ = {
			isa = XCBuildConfiguration;
			buildSettings = {
				ASSETCATALOG_COMPILER_APPICON_NAME = AppIcon;
				ASSETCATALOG_COMPILER_GLOBAL_ACCENT_COLOR_NAME = AccentColor;
				CODE_SIGN_STYLE = Automatic;
				CURRENT_PROJECT_VERSION = 1;
				DEVELOPMENT_TEAM = Y24YW3TR2H;
				GENERATE_INFOPLIST_FILE = YES;
				INFOPLIST_FILE = NiceThingApp/Info.plist;
				INFOPLIST_KEY_UIApplicationSupportsIndirectInputEvents = YES;
				INFOPLIST_KEY_UILaunchStoryboardName = LaunchScreen;
				INFOPLIST_KEY_UIMainStoryboardFile = Main;
				INFOPLIST_KEY_UISupportedInterfaceOrientations_iPad = "UIInterfaceOrientationPortrait UIInterfaceOrientationPortraitUpsideDown UIInterfaceOrientationLandscapeLeft UIInterfaceOrientationLandscapeRight";
				INFOPLIST_KEY_UISupportedInterfaceOrientations_iPhone = "UIInterfaceOrientationPortrait UIInterfaceOrientationLandscapeLeft UIInterfaceOrientationLandscapeRight";
				IPHONEOS_DEPLOYMENT_TARGET = 16.6;
				LD_RUNPATH_SEARCH_PATHS = (
					"$(inherited)",
					"@executable_path/Frameworks",
				);
				MARKETING_VERSION = 1.0;
				PRODUCT_BUNDLE_IDENTIFIER = com.umitturkmen.NiceThingApp;
				PRODUCT_NAME = "$(TARGET_NAME)";
				SWIFT_EMIT_LOC_STRINGS = YES;
				SWIFT_VERSION = 5.0;
				TARGETED_DEVICE_FAMILY = "1,2";
			};
			name = Debug;
		};
		89356AE12B36FED800D8B558 /* Release */ = {
			isa = XCBuildConfiguration;
			buildSettings = {
				ASSETCATALOG_COMPILER_APPICON_NAME = AppIcon;
				ASSETCATALOG_COMPILER_GLOBAL_ACCENT_COLOR_NAME = AccentColor;
				CODE_SIGN_STYLE = Automatic;
				CURRENT_PROJECT_VERSION = 1;
				DEVELOPMENT_TEAM = Y24YW3TR2H;
				GENERATE_INFOPLIST_FILE = YES;
				INFOPLIST_FILE = NiceThingApp/Info.plist;
				INFOPLIST_KEY_UIApplicationSupportsIndirectInputEvents = YES;
				INFOPLIST_KEY_UILaunchStoryboardName = LaunchScreen;
				INFOPLIST_KEY_UIMainStoryboardFile = Main;
				INFOPLIST_KEY_UISupportedInterfaceOrientations_iPad = "UIInterfaceOrientationPortrait UIInterfaceOrientationPortraitUpsideDown UIInterfaceOrientationLandscapeLeft UIInterfaceOrientationLandscapeRight";
				INFOPLIST_KEY_UISupportedInterfaceOrientations_iPhone = "UIInterfaceOrientationPortrait UIInterfaceOrientationLandscapeLeft UIInterfaceOrientationLandscapeRight";
				IPHONEOS_DEPLOYMENT_TARGET = 16.6;
				LD_RUNPATH_SEARCH_PATHS = (
					"$(inherited)",
					"@executable_path/Frameworks",
				);
				MARKETING_VERSION = 1.0;
				PRODUCT_BUNDLE_IDENTIFIER = com.umitturkmen.NiceThingApp;
				PRODUCT_NAME = "$(TARGET_NAME)";
				SWIFT_EMIT_LOC_STRINGS = YES;
				SWIFT_VERSION = 5.0;
				TARGETED_DEVICE_FAMILY = "1,2";
			};
			name = Release;
		};
/* End XCBuildConfiguration section */

/* Begin XCConfigurationList section */
		89356AC32B36FED700D8B558 /* Build configuration list for PBXProject "NiceThingApp" */ = {
			isa = XCConfigurationList;
			buildConfigurations = (
				89356ADD2B36FED800D8B558 /* Debug */,
				89356ADE2B36FED800D8B558 /* Release */,
			);
			defaultConfigurationIsVisible = 0;
			defaultConfigurationName = Release;
		};
		89356ADF2B36FED800D8B558 /* Build configuration list for PBXNativeTarget "NiceThingApp" */ = {
			isa = XCConfigurationList;
			buildConfigurations = (
				89356AE02B36FED800D8B558 /* Debug */,
				89356AE12B36FED800D8B558 /* Release */,
			);
			defaultConfigurationIsVisible = 0;
			defaultConfigurationName = Release;
		};
/* End XCConfigurationList section */

/* Begin XCVersionGroup section */
		89356AD42B36FED700D8B558 /* NiceThingApp.xcdatamodeld */ = {
			isa = XCVersionGroup;
			children = (
				89356AD52B36FED700D8B558 /* NiceThingApp.xcdatamodel */,
			);
			currentVersion = 89356AD52B36FED700D8B558 /* NiceThingApp.xcdatamodel */;
			path = NiceThingApp.xcdatamodeld;
			sourceTree = "<group>";
			versionGroupType = wrapper.xcdatamodel;
		};
/* End XCVersionGroup section */
	};
	rootObject = 89356AC02B36FED700D8B558 /* Project object */;
}
