// !$*UTF8*$!
{
	archiveVersion = 1;
	classes = {
	};
	objectVersion = 56;
	objects = {

/* Begin PBXBuildFile section */
		895DDE6E2B35E3F0007A8432 /* AppDelegate.swift in Sources */ = {isa = PBXBuildFile; fileRef = 895DDE6D2B35E3F0007A8432 /* AppDelegate.swift */; };
		895DDE702B35E3F0007A8432 /* SceneDelegate.swift in Sources */ = {isa = PBXBuildFile; fileRef = 895DDE6F2B35E3F0007A8432 /* SceneDelegate.swift */; };
		895DDE722B35E3F0007A8432 /* ViewController.swift in Sources */ = {isa = PBXBuildFile; fileRef = 895DDE712B35E3F0007A8432 /* ViewController.swift */; };
		895DDE752B35E3F0007A8432 /* Main.storyboard in Resources */ = {isa = PBXBuildFile; fileRef = 895DDE732B35E3F0007A8432 /* Main.storyboard */; };
		895DDE772B35E3F2007A8432 /* Assets.xcassets in Resources */ = {isa = PBXBuildFile; fileRef = 895DDE762B35E3F2007A8432 /* Assets.xcassets */; };
		895DDE7A2B35E3F2007A8432 /* LaunchScreen.storyboard in Resources */ = {isa = PBXBuildFile; fileRef = 895DDE782B35E3F2007A8432 /* LaunchScreen.storyboard */; };
		895DDE822B35E63A007A8432 /* DetailsVC.swift in Sources */ = {isa = PBXBuildFile; fileRef = 895DDE812B35E63A007A8432 /* DetailsVC.swift */; };
		89AF08662B35F65300ECA226 /* Ottomans.swift in Sources */ = {isa = PBXBuildFile; fileRef = 89AF08652B35F65300ECA226 /* Ottomans.swift */; };
/* End PBXBuildFile section */

/* Begin PBXFileReference section */
		895DDE6A2B35E3F0007A8432 /* Ottomans.app */ = {isa = PBXFileReference; explicitFileType = wrapper.application; includeInIndex = 0; path = Ottomans.app; sourceTree = BUILT_PRODUCTS_DIR; };
		895DDE6D2B35E3F0007A8432 /* AppDelegate.swift */ = {isa = PBXFileReference; lastKnownFileType = sourcecode.swift; path = AppDelegate.swift; sourceTree = "<group>"; };
		895DDE6F2B35E3F0007A8432 /* SceneDelegate.swift */ = {isa = PBXFileReference; lastKnownFileType = sourcecode.swift; path = SceneDelegate.swift; sourceTree = "<group>"; };
		895DDE712B35E3F0007A8432 /* ViewController.swift */ = {isa = PBXFileReference; lastKnownFileType = sourcecode.swift; path = ViewController.swift; sourceTree = "<group>"; };
		895DDE742B35E3F0007A8432 /* Base */ = {isa = PBXFileReference; lastKnownFileType = file.storyboard; name = Base; path = Base.lproj/Main.storyboard; sourceTree = "<group>"; };
		895DDE762B35E3F2007A8432 /* Assets.xcassets */ = {isa = PBXFileReference; lastKnownFileType = folder.assetcatalog; path = Assets.xcassets; sourceTree = "<group>"; };
		895DDE792B35E3F2007A8432 /* Base */ = {isa = PBXFileReference; lastKnownFileType = file.storyboard; name = Base; path = Base.lproj/LaunchScreen.storyboard; sourceTree = "<group>"; };
		895DDE7B2B35E3F2007A8432 /* Info.plist */ = {isa = PBXFileReference; lastKnownFileType = text.plist.xml; path = Info.plist; sourceTree = "<group>"; };
		895DDE812B35E63A007A8432 /* DetailsVC.swift */ = {isa = PBXFileReference; lastKnownFileType = sourcecode.swift; path = DetailsVC.swift; sourceTree = "<group>"; };
		89AF08652B35F65300ECA226 /* Ottomans.swift */ = {isa = PBXFileReference; lastKnownFileType = sourcecode.swift; path = Ottomans.swift; sourceTree = "<group>"; };
/* End PBXFileReference section */

/* Begin PBXFrameworksBuildPhase section */
		895DDE672B35E3F0007A8432 /* Frameworks */ = {
			isa = PBXFrameworksBuildPhase;
			buildActionMask = 2147483647;
			files = (
			);
			runOnlyForDeploymentPostprocessing = 0;
		};
/* End PBXFrameworksBuildPhase section */

/* Begin PBXGroup section */
		895DDE612B35E3F0007A8432 = {
			isa = PBXGroup;
			children = (
				895DDE6C2B35E3F0007A8432 /* Ottomans */,
				895DDE6B2B35E3F0007A8432 /* Products */,
			);
			sourceTree = "<group>";
		};
		895DDE6B2B35E3F0007A8432 /* Products */ = {
			isa = PBXGroup;
			children = (
				895DDE6A2B35E3F0007A8432 /* Ottomans.app */,
			);
			name = Products;
			sourceTree = "<group>";
		};
		895DDE6C2B35E3F0007A8432 /* Ottomans */ = {
			isa = PBXGroup;
			children = (
				895DDE6D2B35E3F0007A8432 /* AppDelegate.swift */,
				89AF08652B35F65300ECA226 /* Ottomans.swift */,
				895DDE6F2B35E3F0007A8432 /* SceneDelegate.swift */,
				895DDE712B35E3F0007A8432 /* ViewController.swift */,
				895DDE812B35E63A007A8432 /* DetailsVC.swift */,
				895DDE732B35E3F0007A8432 /* Main.storyboard */,
				895DDE762B35E3F2007A8432 /* Assets.xcassets */,
				895DDE782B35E3F2007A8432 /* LaunchScreen.storyboard */,
				895DDE7B2B35E3F2007A8432 /* Info.plist */,
			);
			path = Ottomans;
			sourceTree = "<group>";
		};
/* End PBXGroup section */

/* Begin PBXNativeTarget section */
		895DDE692B35E3F0007A8432 /* Ottomans */ = {
			isa = PBXNativeTarget;
			buildConfigurationList = 895DDE7E2B35E3F2007A8432 /* Build configuration list for PBXNativeTarget "Ottomans" */;
			buildPhases = (
				895DDE662B35E3F0007A8432 /* Sources */,
				895DDE672B35E3F0007A8432 /* Frameworks */,
				895DDE682B35E3F0007A8432 /* Resources */,
			);
			buildRules = (
			);
			dependencies = (
			);
			name = Ottomans;
			productName = Ottomans;
			productReference = 895DDE6A2B35E3F0007A8432 /* Ottomans.app */;
			productType = "com.apple.product-type.application";
		};
/* End PBXNativeTarget section */

/* Begin PBXProject section */
		895DDE622B35E3F0007A8432 /* Project object */ = {
			isa = PBXProject;
			attributes = {
				BuildIndependentTargetsInParallel = 1;
				LastSwiftUpdateCheck = 1510;
				LastUpgradeCheck = 1510;
				TargetAttributes = {
					895DDE692B35E3F0007A8432 = {
						CreatedOnToolsVersion = 15.1;
					};
				};
			};
			buildConfigurationList = 895DDE652B35E3F0007A8432 /* Build configuration list for PBXProject "Ottomans" */;
			compatibilityVersion = "Xcode 14.0";
			developmentRegion = en;
			hasScannedForEncodings = 0;
			knownRegions = (
				en,
				Base,
			);
			mainGroup = 895DDE612B35E3F0007A8432;
			productRefGroup = 895DDE6B2B35E3F0007A8432 /* Products */;
			projectDirPath = "";
			projectRoot = "";
			targets = (
				895DDE692B35E3F0007A8432 /* Ottomans */,
			);
		};
/* End PBXProject section */

/* Begin PBXResourcesBuildPhase section */
		895DDE682B35E3F0007A8432 /* Resources */ = {
			isa = PBXResourcesBuildPhase;
			buildActionMask = 2147483647;
			files = (
				895DDE7A2B35E3F2007A8432 /* LaunchScreen.storyboard in Resources */,
				895DDE772B35E3F2007A8432 /* Assets.xcassets in Resources */,
				895DDE752B35E3F0007A8432 /* Main.storyboard in Resources */,
			);
			runOnlyForDeploymentPostprocessing = 0;
		};
/* End PBXResourcesBuildPhase section */

/* Begin PBXSourcesBuildPhase section */
		895DDE662B35E3F0007A8432 /* Sources */ = {
			isa = PBXSourcesBuildPhase;
			buildActionMask = 2147483647;
			files = (
				895DDE722B35E3F0007A8432 /* ViewController.swift in Sources */,
				895DDE822B35E63A007A8432 /* DetailsVC.swift in Sources */,
				895DDE6E2B35E3F0007A8432 /* AppDelegate.swift in Sources */,
				895DDE702B35E3F0007A8432 /* SceneDelegate.swift in Sources */,
				89AF08662B35F65300ECA226 /* Ottomans.swift in Sources */,
			);
			runOnlyForDeploymentPostprocessing = 0;
		};
/* End PBXSourcesBuildPhase section */

/* Begin PBXVariantGroup section */
		895DDE732B35E3F0007A8432 /* Main.storyboard */ = {
			isa = PBXVariantGroup;
			children = (
				895DDE742B35E3F0007A8432 /* Base */,
			);
			name = Main.storyboard;
			sourceTree = "<group>";
		};
		895DDE782B35E3F2007A8432 /* LaunchScreen.storyboard */ = {
			isa = PBXVariantGroup;
			children = (
				895DDE792B35E3F2007A8432 /* Base */,
			);
			name = LaunchScreen.storyboard;
			sourceTree = "<group>";
		};
/* End PBXVariantGroup section */

/* Begin XCBuildConfiguration section */
		895DDE7C2B35E3F2007A8432 /* Debug */ = {
			isa = XCBuildConfiguration;
			buildSettings = {
				ALWAYS_SEARCH_USER_PATHS = NO;
				ASSETCATALOG_COMPILER_GENERATE_SWIFT_ASSET_SYMBOL_EXTENSIONS = YES;
				CLANG_ANALYZER_NONNULL = YES;
				CLANG_ANALYZER_NUMBER_OBJECT_CONVERSION = YES_AGGRESSIVE;
				CLANG_CXX_LANGUAGE_STANDARD = "gnu++20";
				CLANG_ENABLE_MODULES = YES;
				CLANG_ENABLE_OBJC_ARC = YES;
				CLANG_ENABLE_OBJC_WEAK = YES;
				CLANG_WARN_BLOCK_CAPTURE_AUTORELEASING = YES;
				CLANG_WARN_BOOL_CONVERSION = YES;
				CLANG_WARN_COMMA = YES;
				CLANG_WARN_CONSTANT_CONVERSION = YES;
				CLANG_WARN_DEPRECATED_OBJC_IMPLEMENTATIONS = YES;
				CLANG_WARN_DIRECT_OBJC_ISA_USAGE = YES_ERROR;
				CLANG_WARN_DOCUMENTATION_COMMENTS = YES;
				CLANG_WARN_EMPTY_BODY = YES;
				CLANG_WARN_ENUM_CONVERSION = YES;
				CLANG_WARN_INFINITE_RECURSION = YES;
				CLANG_WARN_INT_CONVERSION = YES;
				CLANG_WARN_NON_LITERAL_NULL_CONVERSION = YES;
				CLANG_WARN_OBJC_IMPLICIT_RETAIN_SELF = YES;
				CLANG_WARN_OBJC_LITERAL_CONVERSION = YES;
				CLANG_WARN_OBJC_ROOT_CLASS = YES_ERROR;
				CLANG_WARN_QUOTED_INCLUDE_IN_FRAMEWORK_HEADER = YES;
				CLANG_WARN_RANGE_LOOP_ANALYSIS = YES;
				CLANG_WARN_STRICT_PROTOTYPES = YES;
				CLANG_WARN_SUSPICIOUS_MOVE = YES;
				CLANG_WARN_UNGUARDED_AVAILABILITY = YES_AGGRESSIVE;
				CLANG_WARN_UNREACHABLE_CODE = YES;
				CLANG_WARN__DUPLICATE_METHOD_MATCH = YES;
				COPY_PHASE_STRIP = NO;
				DEBUG_INFORMATION_FORMAT = dwarf;
				ENABLE_STRICT_OBJC_MSGSEND = YES;
				ENABLE_TESTABILITY = YES;
				ENABLE_USER_SCRIPT_SANDBOXING = YES;
				GCC_C_LANGUAGE_STANDARD = gnu17;
				GCC_DYNAMIC_NO_PIC = NO;
				GCC_NO_COMMON_BLOCKS = YES;
				GCC_OPTIMIZATION_LEVEL = 0;
				GCC_PREPROCESSOR_DEFINITIONS = (
					"DEBUG=1",
					"$(inherited)",
				);
				GCC_WARN_64_TO_32_BIT_CONVERSION = YES;
				GCC_WARN_ABOUT_RETURN_TYPE = YES_ERROR;
				GCC_WARN_UNDECLARED_SELECTOR = YES;
				GCC_WARN_UNINITIALIZED_AUTOS = YES_AGGRESSIVE;
				GCC_WARN_UNUSED_FUNCTION = YES;
				GCC_WARN_UNUSED_VARIABLE = YES;
				IPHONEOS_DEPLOYMENT_TARGET = 17.2;
				LOCALIZATION_PREFERS_STRING_CATALOGS = YES;
				MTL_ENABLE_DEBUG_INFO = INCLUDE_SOURCE;
				MTL_FAST_MATH = YES;
				ONLY_ACTIVE_ARCH = YES;
				SDKROOT = iphoneos;
				SWIFT_ACTIVE_COMPILATION_CONDITIONS = "DEBUG $(inherited)";
				SWIFT_OPTIMIZATION_LEVEL = "-Onone";
			};
			name = Debug;
		};
		895DDE7D2B35E3F2007A8432 /* Release */ = {
			isa = XCBuildConfiguration;
			buildSettings = {
				ALWAYS_SEARCH_USER_PATHS = NO;
				ASSETCATALOG_COMPILER_GENERATE_SWIFT_ASSET_SYMBOL_EXTENSIONS = YES;
				CLANG_ANALYZER_NONNULL = YES;
				CLANG_ANALYZER_NUMBER_OBJECT_CONVERSION = YES_AGGRESSIVE;
				CLANG_CXX_LANGUAGE_STANDARD = "gnu++20";
				CLANG_ENABLE_MODULES = YES;
				CLANG_ENABLE_OBJC_ARC = YES;
				CLANG_ENABLE_OBJC_WEAK = YES;
				CLANG_WARN_BLOCK_CAPTURE_AUTORELEASING = YES;
				CLANG_WARN_BOOL_CONVERSION = YES;
				CLANG_WARN_COMMA = YES;
				CLANG_WARN_CONSTANT_CONVERSION = YES;
				CLANG_WARN_DEPRECATED_OBJC_IMPLEMENTATIONS = YES;
				CLANG_WARN_DIRECT_OBJC_ISA_USAGE = YES_ERROR;
				CLANG_WARN_DOCUMENTATION_COMMENTS = YES;
				CLANG_WARN_EMPTY_BODY = YES;
				CLANG_WARN_ENUM_CONVERSION = YES;
				CLANG_WARN_INFINITE_RECURSION = YES;
				CLANG_WARN_INT_CONVERSION = YES;
				CLANG_WARN_NON_LITERAL_NULL_CONVERSION = YES;
				CLANG_WARN_OBJC_IMPLICIT_RETAIN_SELF = YES;
				CLANG_WARN_OBJC_LITERAL_CONVERSION = YES;
				CLANG_WARN_OBJC_ROOT_CLASS = YES_ERROR;
				CLANG_WARN_QUOTED_INCLUDE_IN_FRAMEWORK_HEADER = YES;
				CLANG_WARN_RANGE_LOOP_ANALYSIS = YES;
				CLANG_WARN_STRICT_PROTOTYPES = YES;
				CLANG_WARN_SUSPICIOUS_MOVE = YES;
				CLANG_WARN_UNGUARDED_AVAILABILITY = YES_AGGRESSIVE;
				CLANG_WARN_UNREACHABLE_CODE = YES;
				CLANG_WARN__DUPLICATE_METHOD_MATCH = YES;
				COPY_PHASE_STRIP = NO;
				DEBUG_INFORMATION_FORMAT = "dwarf-with-dsym";
				ENABLE_NS_ASSERTIONS = NO;
				ENABLE_STRICT_OBJC_MSGSEND = YES;
				ENABLE_USER_SCRIPT_SANDBOXING = YES;
				GCC_C_LANGUAGE_STANDARD = gnu17;
				GCC_NO_COMMON_BLOCKS = YES;
				GCC_WARN_64_TO_32_BIT_CONVERSION = YES;
				GCC_WARN_ABOUT_RETURN_TYPE = YES_ERROR;
				GCC_WARN_UNDECLARED_SELECTOR = YES;
				GCC_WARN_UNINITIALIZED_AUTOS = YES_AGGRESSIVE;
				GCC_WARN_UNUSED_FUNCTION = YES;
				GCC_WARN_UNUSED_VARIABLE = YES;
				IPHONEOS_DEPLOYMENT_TARGET = 17.2;
				LOCALIZATION_PREFERS_STRING_CATALOGS = YES;
				MTL_ENABLE_DEBUG_INFO = NO;
				MTL_FAST_MATH = YES;
				SDKROOT = iphoneos;
				SWIFT_COMPILATION_MODE = wholemodule;
				VALIDATE_PRODUCT = YES;
			};
			name = Release;
		};
		895DDE7F2B35E3F2007A8432 /* Debug */ = {
			isa = XCBuildConfiguration;
			buildSettings = {
				ASSETCATALOG_COMPILER_APPICON_NAME = AppIcon;
				ASSETCATALOG_COMPILER_GLOBAL_ACCENT_COLOR_NAME = AccentColor;
				CODE_SIGN_STYLE = Automatic;
				CURRENT_PROJECT_VERSION = 1;
				DEVELOPMENT_TEAM = Y24YW3TR2H;
				GENERATE_INFOPLIST_FILE = YES;
				INFOPLIST_FILE = Ottomans/Info.plist;
				INFOPLIST_KEY_UIApplicationSupportsIndirectInputEvents = YES;
				INFOPLIST_KEY_UILaunchStoryboardName = LaunchScreen;
				INFOPLIST_KEY_UIMainStoryboardFile = Main;
				INFOPLIST_KEY_UISupportedInterfaceOrientations_iPad = "UIInterfaceOrientationPortrait UIInterfaceOrientationPortraitUpsideDown UIInterfaceOrientationLandscapeLeft UIInterfaceOrientationLandscapeRight";
				INFOPLIST_KEY_UISupportedInterfaceOrientations_iPhone = "UIInterfaceOrientationPortrait UIInterfaceOrientationLandscapeLeft UIInterfaceOrientationLandscapeRight";
				IPHONEOS_DEPLOYMENT_TARGET = 16.6;
				LD_RUNPATH_SEARCH_PATHS = (
					"$(inherited)",
					"@executable_path/Frameworks",
				);
				MARKETING_VERSION = 1.0;
				PRODUCT_BUNDLE_IDENTIFIER = com.umitturkmen.Ottomans;
				PRODUCT_NAME = "$(TARGET_NAME)";
				SWIFT_EMIT_LOC_STRINGS = YES;
				SWIFT_VERSION = 5.0;
				TARGETED_DEVICE_FAMILY = "1,2";
			};
			name = Debug;
		};
		895DDE802B35E3F2007A8432 /* Release */ = {
			isa = XCBuildConfiguration;
			buildSettings = {
				ASSETCATALOG_COMPILER_APPICON_NAME = AppIcon;
				ASSETCATALOG_COMPILER_GLOBAL_ACCENT_COLOR_NAME = AccentColor;
				CODE_SIGN_STYLE = Automatic;
				CURRENT_PROJECT_VERSION = 1;
				DEVELOPMENT_TEAM = Y24YW3TR2H;
				GENERATE_INFOPLIST_FILE = YES;
				INFOPLIST_FILE = Ottomans/Info.plist;
				INFOPLIST_KEY_UIApplicationSupportsIndirectInputEvents = YES;
				INFOPLIST_KEY_UILaunchStoryboardName = LaunchScreen;
				INFOPLIST_KEY_UIMainStoryboardFile = Main;
				INFOPLIST_KEY_UISupportedInterfaceOrientations_iPad = "UIInterfaceOrientationPortrait UIInterfaceOrientationPortraitUpsideDown UIInterfaceOrientationLandscapeLeft UIInterfaceOrientationLandscapeRight";
				INFOPLIST_KEY_UISupportedInterfaceOrientations_iPhone = "UIInterfaceOrientationPortrait UIInterfaceOrientationLandscapeLeft UIInterfaceOrientationLandscapeRight";
				IPHONEOS_DEPLOYMENT_TARGET = 16.6;
				LD_RUNPATH_SEARCH_PATHS = (
					"$(inherited)",
					"@executable_path/Frameworks",
				);
				MARKETING_VERSION = 1.0;
				PRODUCT_BUNDLE_IDENTIFIER = com.umitturkmen.Ottomans;
				PRODUCT_NAME = "$(TARGET_NAME)";
				SWIFT_EMIT_LOC_STRINGS = YES;
				SWIFT_VERSION = 5.0;
				TARGETED_DEVICE_FAMILY = "1,2";
			};
			name = Release;
		};
/* End XCBuildConfiguration section */

/* Begin XCConfigurationList section */
		895DDE652B35E3F0007A8432 /* Build configuration list for PBXProject "Ottomans" */ = {
			isa = XCConfigurationList;
			buildConfigurations = (
				895DDE7C2B35E3F2007A8432 /* Debug */,
				895DDE7D2B35E3F2007A8432 /* Release */,
			);
			defaultConfigurationIsVisible = 0;
			defaultConfigurationName = Release;
		};
		895DDE7E2B35E3F2007A8432 /* Build configuration list for PBXNativeTarget "Ottomans" */ = {
			isa = XCConfigurationList;
			buildConfigurations = (
				895DDE7F2B35E3F2007A8432 /* Debug */,
				895DDE802B35E3F2007A8432 /* Release */,
			);
			defaultConfigurationIsVisible = 0;
			defaultConfigurationName = Release;
		};
/* End XCConfigurationList section */
	};
	rootObject = 895DDE622B35E3F0007A8432 /* Project object */;
}
